{
  "name": "common-ng-utilities",
  "version": "1.1.2",
  "lockfileVersion": 3,
  "requires": true,
  "packages": {
    "": {
      "name": "common-ng-utilities",
      "version": "1.1.2",
      "dependencies": {
        "tslib": "^2.3.0"
      },
      "bin": {
        "organize-imports": "dist/common-ng-utilities/scripts/organize-imports.js"
      },
      "peerDependencies": {
        "@angular/common": "^18.1.0",
        "@angular/core": "^18.1.0"
      }
    },
    "../../node_modules/copyfiles": {
      "version": "2.4.1",
      "extraneous": true,
      "license": "MIT",
      "dependencies": {
        "glob": "^7.0.5",
        "minimatch": "^3.0.3",
        "mkdirp": "^1.0.4",
        "noms": "0.0.0",
        "through2": "^2.0.1",
        "untildify": "^4.0.0",
        "yargs": "^16.1.0"
      },
      "bin": {
        "copyfiles": "copyfiles",
        "copyup": "copyfiles"
      },
      "devDependencies": {
        "rimraf": "^2.2.6",
        "tap-spec": "^5.0.0",
        "tape": "^4.6.0"
      }
    },
    "../../node_modules/typescript": {
      "version": "5.4.5",
      "extraneous": true,
      "license": "Apache-2.0",
      "bin": {
        "tsc": "bin/tsc",
        "tsserver": "bin/tsserver"
      },
      "devDependencies": {
        "@esfx/canceltoken": "^1.0.0",
        "@octokit/rest": "^20.0.2",
        "@types/chai": "^4.3.11",
        "@types/glob": "^8.1.0",
        "@types/microsoft__typescript-etw": "^0.1.3",
        "@types/minimist": "^1.2.5",
        "@types/mocha": "^10.0.6",
        "@types/ms": "^0.7.34",
        "@types/node": "latest",
        "@types/source-map-support": "^0.5.10",
        "@types/which": "^3.0.3",
        "@typescript-eslint/eslint-plugin": "^6.19.0",
        "@typescript-eslint/parser": "^6.19.0",
        "@typescript-eslint/utils": "^6.19.0",
        "azure-devops-node-api": "^12.3.0",
        "c8": "^9.1.0",
        "chai": "^4.4.1",
        "chalk": "^4.1.2",
        "chokidar": "^3.5.3",
        "diff": "^5.1.0",
        "dprint": "^0.45.0",
        "esbuild": "^0.20.0",
        "eslint": "^8.56.0",
        "eslint-formatter-autolinkable-stylish": "^1.3.0",
        "eslint-plugin-local": "^3.1.0",
        "eslint-plugin-no-null": "^1.0.2",
        "eslint-plugin-simple-import-sort": "^10.0.0",
        "fast-xml-parser": "^4.3.3",
        "glob": "^10.3.10",
        "hereby": "^1.8.9",
        "jsonc-parser": "^3.2.0",
        "minimist": "^1.2.8",
        "mocha": "^10.2.0",
        "mocha-fivemat-progress-reporter": "^0.1.0",
        "ms": "^2.1.3",
        "node-fetch": "^3.3.2",
        "playwright": "^1.41.0",
        "source-map-support": "^0.5.21",
        "tslib": "^2.6.2",
        "typescript": "5.4.0-dev.20240119",
        "which": "^3.0.1"
      },
      "engines": {
        "node": ">=14.17"
      }
    },
    "node_modules/@angular/common": {
      "version": "18.1.4",
      "resolved": "https://registry.npmjs.org/@angular/common/-/common-18.1.4.tgz",
      "integrity": "sha512-No4lCrL80WlAGg0DAyuPW+jsfA6EIQ06CFrRgt3R6YFrKbIuU0NKUt+D8IB7UNgTLNYXmurxapNf8jef8rq1wg==",
      "peer": true,
      "dependencies": {
        "tslib": "^2.3.0"
      },
      "engines": {
        "node": "^18.19.1 || ^20.11.1 || >=22.0.0"
      },
      "peerDependencies": {
        "@angular/core": "18.1.4",
        "rxjs": "^6.5.3 || ^7.4.0"
      }
    },
    "node_modules/@angular/core": {
      "version": "18.1.4",
      "resolved": "https://registry.npmjs.org/@angular/core/-/core-18.1.4.tgz",
      "integrity": "sha512-+N3oWYFubT3GdCkBfD/CmH4DGjr/fGFQZChWbph2ZuPpK7JYNgfyvXS4SjLtdL4WTjjBevBTgR70GyLH/5EbKA==",
      "peer": true,
      "dependencies": {
        "tslib": "^2.3.0"
      },
      "engines": {
        "node": "^18.19.1 || ^20.11.1 || >=22.0.0"
      },
      "peerDependencies": {
        "rxjs": "^6.5.3 || ^7.4.0",
        "zone.js": "~0.14.0"
      }
    },
    "node_modules/rxjs": {
      "version": "7.8.1",
      "resolved": "https://registry.npmjs.org/rxjs/-/rxjs-7.8.1.tgz",
      "integrity": "sha512-AA3TVj+0A2iuIoQkWEK/tqFjBq2j+6PO6Y0zJcvzLAFhEFIO3HL0vls9hWLncZbAAbK0mar7oZ4V079I/qPMxg==",
      "peer": true,
      "dependencies": {
        "tslib": "^2.1.0"
      }
    },
    "node_modules/tslib": {
      "version": "2.6.3",
      "resolved": "https://registry.npmjs.org/tslib/-/tslib-2.6.3.tgz",
      "integrity": "sha512-xNvxJEOUiWPGhUuUdQgAJPKOOJfGnIyKySOc09XkKsgdUV/3E2zvwZYdejjmRgPCgcym1juLH3226yA7sEFJKQ=="
    },
    "node_modules/zone.js": {
      "version": "0.14.10",
      "resolved": "https://registry.npmjs.org/zone.js/-/zone.js-0.14.10.tgz",
      "integrity": "sha512-YGAhaO7J5ywOXW6InXNlLmfU194F8lVgu7bRntUF3TiG8Y3nBK0x1UJJuHUP/e8IyihkjCYqhCScpSwnlaSRkQ==",
      "peer": true
    }
  }
}
